
Microsoft Visual Studio Solution File, Format Version 12.00
# Visual Studio Version 16
VisualStudioVersion = 16.0.29519.87
MinimumVisualStudioVersion = 10.0.40219.1
Project("{FAE04EC0-301F-11D3-BF4B-00C04F79EFBC}") = "Limyla.Wpf", "Limyla.Wpf\Limyla.Wpf.csproj", "{D189C9E9-F580-46E2-8BEE-01475FAF149B}"
EndProject
Global
	GlobalSection(SolutionConfigurationPlatforms) = preSolution
		Debug|Any CPU = Debug|Any CPU
		Release|Any CPU = Release|Any CPU
	EndGlobalSection
	GlobalSection(ProjectConfigurationPlatforms) = postSolution
		{D189C9E9-F580-46E2-8BEE-01475FAF149B}.Debug|Any CPU.ActiveCfg = Debug|Any CPU
		{D189C9E9-F580-46E2-8BEE-01475FAF149B}.Debug|Any CPU.Build.0 = Debug|Any CPU
		{D189C9E9-F580-46E2-8BEE-01475FAF149B}.Release|Any CPU.ActiveCfg = Release|Any CPU
		{D189C9E9-F580-46E2-8BEE-01475FAF149B}.Release|Any CPU.Build.0 = Release|Any CPU
	EndGlobalSection
	GlobalSection(SolutionProperties) = preSolution
		HideSolutionNode = FALSE
	EndGlobalSection
	GlobalSection(ExtensibilityGlobals) = postSolution
		SolutionGuid = {939223B5-7023-4103-AE45-E71D3C006A20}
	EndGlobalSection
EndGlobal
